
Microsoft Visual Studio Solution File, Format Version 12.00
# Visual Studio 15
VisualStudioVersion = 15.0.27130.2024
MinimumVisualStudioVersion = 10.0.40219.1
Project("{FAE04EC0-301F-11D3-BF4B-00C04F79EFBC}") = "TreeSort", "TreeSort\TreeSort.csproj", "{D2C7A8C9-4FF4-40F8-BFC8-42B5C0930296}"
EndProject
Project("{FAE04EC0-301F-11D3-BF4B-00C04F79EFBC}") = "QuickSort", "QuickSort\QuickSort.csproj", "{596D5831-9324-4310-AF48-B92F614C5019}"
EndProject
Project("{FAE04EC0-301F-11D3-BF4B-00C04F79EFBC}") = "TestProject", "TestProject\TestProject.csproj", "{1EC827AC-244B-428B-B8E2-51E959CCCD82}"
EndProject
Project("{2150E333-8FDC-42A3-9474-1A3956D46DE8}") = "Lab.1 SortingAlgorithms", "Lab.1 SortingAlgorithms", "{04142DC8-1498-416E-91FE-688EF9763DC5}"
EndProject
Project("{2150E333-8FDC-42A3-9474-1A3956D46DE8}") = "Lab3. GraphAlgorithms", "Lab3. GraphAlgorithms", "{DDF34F36-E119-46A8-9006-3B3492893AFC}"
EndProject
Project("{FAE04EC0-301F-11D3-BF4B-00C04F79EFBC}") = "GraphAlgorithm", "GraphAlgorithm\GraphAlgorithm.csproj", "{CC0EDE51-868A-4949-9410-9204AFC14A10}"
EndProject
Project("{2150E333-8FDC-42A3-9474-1A3956D46DE8}") = "Algorithms", "Algorithms", "{CD7629CB-DA4E-43F7-B68A-6801113CD634}"
EndProject
Project("{2150E333-8FDC-42A3-9474-1A3956D46DE8}") = "Development", "Development", "{EDDCF1A4-A0F8-40FE-BFCF-534484DDA9DD}"
EndProject
Project("{8BC9CEB8-8B4A-11D0-8D11-00A0C91BC942}") = "DateBoxing", "DateBoxing\DateBoxing.vcxproj", "{222FA1AD-F25B-41DE-BC50-AC0F0497EB30}"
EndProject
Project("{2150E333-8FDC-42A3-9474-1A3956D46DE8}") = "Lab1. Boxing", "Lab1. Boxing", "{7681741E-8918-40D5-8605-DCABA804AD0F}"
EndProject
Project("{8BC9CEB8-8B4A-11D0-8D11-00A0C91BC942}") = "BoxingText", "BoxingText\BoxingText.vcxproj", "{5C634177-3B8E-45BF-8239-56E0C9E120B8}"
EndProject
Global
	GlobalSection(SolutionConfigurationPlatforms) = preSolution
		Debug|Any CPU = Debug|Any CPU
		Debug|ARM = Debug|ARM
		Debug|x64 = Debug|x64
		Debug|x86 = Debug|x86
		Release|Any CPU = Release|Any CPU
		Release|ARM = Release|ARM
		Release|x64 = Release|x64
		Release|x86 = Release|x86
	EndGlobalSection
	GlobalSection(ProjectConfigurationPlatforms) = postSolution
		{D2C7A8C9-4FF4-40F8-BFC8-42B5C0930296}.Debug|Any CPU.ActiveCfg = Debug|Any CPU
		{D2C7A8C9-4FF4-40F8-BFC8-42B5C0930296}.Debug|Any CPU.Build.0 = Debug|Any CPU
		{D2C7A8C9-4FF4-40F8-BFC8-42B5C0930296}.Debug|ARM.ActiveCfg = Debug|Any CPU
		{D2C7A8C9-4FF4-40F8-BFC8-42B5C0930296}.Debug|ARM.Build.0 = Debug|Any CPU
		{D2C7A8C9-4FF4-40F8-BFC8-42B5C0930296}.Debug|x64.ActiveCfg = Debug|Any CPU
		{D2C7A8C9-4FF4-40F8-BFC8-42B5C0930296}.Debug|x64.Build.0 = Debug|Any CPU
		{D2C7A8C9-4FF4-40F8-BFC8-42B5C0930296}.Debug|x86.ActiveCfg = Debug|Any CPU
		{D2C7A8C9-4FF4-40F8-BFC8-42B5C0930296}.Debug|x86.Build.0 = Debug|Any CPU
		{D2C7A8C9-4FF4-40F8-BFC8-42B5C0930296}.Release|Any CPU.ActiveCfg = Release|Any CPU
		{D2C7A8C9-4FF4-40F8-BFC8-42B5C0930296}.Release|Any CPU.Build.0 = Release|Any CPU
		{D2C7A8C9-4FF4-40F8-BFC8-42B5C0930296}.Release|ARM.ActiveCfg = Release|Any CPU
		{D2C7A8C9-4FF4-40F8-BFC8-42B5C0930296}.Release|ARM.Build.0 = Release|Any CPU
		{D2C7A8C9-4FF4-40F8-BFC8-42B5C0930296}.Release|x64.ActiveCfg = Release|Any CPU
		{D2C7A8C9-4FF4-40F8-BFC8-42B5C0930296}.Release|x64.Build.0 = Release|Any CPU
		{D2C7A8C9-4FF4-40F8-BFC8-42B5C0930296}.Release|x86.ActiveCfg = Release|Any CPU
		{D2C7A8C9-4FF4-40F8-BFC8-42B5C0930296}.Release|x86.Build.0 = Release|Any CPU
		{596D5831-9324-4310-AF48-B92F614C5019}.Debug|Any CPU.ActiveCfg = Debug|Any CPU
		{596D5831-9324-4310-AF48-B92F614C5019}.Debug|Any CPU.Build.0 = Debug|Any CPU
		{596D5831-9324-4310-AF48-B92F614C5019}.Debug|ARM.ActiveCfg = Debug|Any CPU
		{596D5831-9324-4310-AF48-B92F614C5019}.Debug|ARM.Build.0 = Debug|Any CPU
		{596D5831-9324-4310-AF48-B92F614C5019}.Debug|x64.ActiveCfg = Debug|Any CPU
		{596D5831-9324-4310-AF48-B92F614C5019}.Debug|x64.Build.0 = Debug|Any CPU
		{596D5831-9324-4310-AF48-B92F614C5019}.Debug|x86.ActiveCfg = Debug|Any CPU
		{596D5831-9324-4310-AF48-B92F614C5019}.Debug|x86.Build.0 = Debug|Any CPU
		{596D5831-9324-4310-AF48-B92F614C5019}.Release|Any CPU.ActiveCfg = Release|Any CPU
		{596D5831-9324-4310-AF48-B92F614C5019}.Release|Any CPU.Build.0 = Release|Any CPU
		{596D5831-9324-4310-AF48-B92F614C5019}.Release|ARM.ActiveCfg = Release|Any CPU
		{596D5831-9324-4310-AF48-B92F614C5019}.Release|ARM.Build.0 = Release|Any CPU
		{596D5831-9324-4310-AF48-B92F614C5019}.Release|x64.ActiveCfg = Release|Any CPU
		{596D5831-9324-4310-AF48-B92F614C5019}.Release|x64.Build.0 = Release|Any CPU
		{596D5831-9324-4310-AF48-B92F614C5019}.Release|x86.ActiveCfg = Release|Any CPU
		{596D5831-9324-4310-AF48-B92F614C5019}.Release|x86.Build.0 = Release|Any CPU
		{1EC827AC-244B-428B-B8E2-51E959CCCD82}.Debug|Any CPU.ActiveCfg = Debug|Any CPU
		{1EC827AC-244B-428B-B8E2-51E959CCCD82}.Debug|Any CPU.Build.0 = Debug|Any CPU
		{1EC827AC-244B-428B-B8E2-51E959CCCD82}.Debug|ARM.ActiveCfg = Debug|Any CPU
		{1EC827AC-244B-428B-B8E2-51E959CCCD82}.Debug|ARM.Build.0 = Debug|Any CPU
		{1EC827AC-244B-428B-B8E2-51E959CCCD82}.Debug|x64.ActiveCfg = Debug|Any CPU
		{1EC827AC-244B-428B-B8E2-51E959CCCD82}.Debug|x64.Build.0 = Debug|Any CPU
		{1EC827AC-244B-428B-B8E2-51E959CCCD82}.Debug|x86.ActiveCfg = Debug|Any CPU
		{1EC827AC-244B-428B-B8E2-51E959CCCD82}.Debug|x86.Build.0 = Debug|Any CPU
		{1EC827AC-244B-428B-B8E2-51E959CCCD82}.Release|Any CPU.ActiveCfg = Release|Any CPU
		{1EC827AC-244B-428B-B8E2-51E959CCCD82}.Release|Any CPU.Build.0 = Release|Any CPU
		{1EC827AC-244B-428B-B8E2-51E959CCCD82}.Release|ARM.ActiveCfg = Release|Any CPU
		{1EC827AC-244B-428B-B8E2-51E959CCCD82}.Release|ARM.Build.0 = Release|Any CPU
		{1EC827AC-244B-428B-B8E2-51E959CCCD82}.Release|x64.ActiveCfg = Release|Any CPU
		{1EC827AC-244B-428B-B8E2-51E959CCCD82}.Release|x64.Build.0 = Release|Any CPU
		{1EC827AC-244B-428B-B8E2-51E959CCCD82}.Release|x86.ActiveCfg = Release|Any CPU
		{1EC827AC-244B-428B-B8E2-51E959CCCD82}.Release|x86.Build.0 = Release|Any CPU
		{CC0EDE51-868A-4949-9410-9204AFC14A10}.Debug|Any CPU.ActiveCfg = Debug|Any CPU
		{CC0EDE51-868A-4949-9410-9204AFC14A10}.Debug|Any CPU.Build.0 = Debug|Any CPU
		{CC0EDE51-868A-4949-9410-9204AFC14A10}.Debug|ARM.ActiveCfg = Debug|Any CPU
		{CC0EDE51-868A-4949-9410-9204AFC14A10}.Debug|ARM.Build.0 = Debug|Any CPU
		{CC0EDE51-868A-4949-9410-9204AFC14A10}.Debug|x64.ActiveCfg = Debug|Any CPU
		{CC0EDE51-868A-4949-9410-9204AFC14A10}.Debug|x64.Build.0 = Debug|Any CPU
		{CC0EDE51-868A-4949-9410-9204AFC14A10}.Debug|x86.ActiveCfg = Debug|Any CPU
		{CC0EDE51-868A-4949-9410-9204AFC14A10}.Debug|x86.Build.0 = Debug|Any CPU
		{CC0EDE51-868A-4949-9410-9204AFC14A10}.Release|Any CPU.ActiveCfg = Release|Any CPU
		{CC0EDE51-868A-4949-9410-9204AFC14A10}.Release|Any CPU.Build.0 = Release|Any CPU
		{CC0EDE51-868A-4949-9410-9204AFC14A10}.Release|ARM.ActiveCfg = Release|Any CPU
		{CC0EDE51-868A-4949-9410-9204AFC14A10}.Release|ARM.Build.0 = Release|Any CPU
		{CC0EDE51-868A-4949-9410-9204AFC14A10}.Release|x64.ActiveCfg = Release|Any CPU
		{CC0EDE51-868A-4949-9410-9204AFC14A10}.Release|x64.Build.0 = Release|Any CPU
		{CC0EDE51-868A-4949-9410-9204AFC14A10}.Release|x86.ActiveCfg = Release|Any CPU
		{CC0EDE51-868A-4949-9410-9204AFC14A10}.Release|x86.Build.0 = Release|Any CPU
		{222FA1AD-F25B-41DE-BC50-AC0F0497EB30}.Debug|Any CPU.ActiveCfg = Debug|Win32
		{222FA1AD-F25B-41DE-BC50-AC0F0497EB30}.Debug|Any CPU.Build.0 = Debug|Win32
		{222FA1AD-F25B-41DE-BC50-AC0F0497EB30}.Debug|ARM.ActiveCfg = Debug|Win32
		{222FA1AD-F25B-41DE-BC50-AC0F0497EB30}.Debug|x64.ActiveCfg = Debug|x64
		{222FA1AD-F25B-41DE-BC50-AC0F0497EB30}.Debug|x64.Build.0 = Debug|x64
		{222FA1AD-F25B-41DE-BC50-AC0F0497EB30}.Debug|x86.ActiveCfg = Debug|Win32
		{222FA1AD-F25B-41DE-BC50-AC0F0497EB30}.Debug|x86.Build.0 = Debug|Win32
		{222FA1AD-F25B-41DE-BC50-AC0F0497EB30}.Release|Any CPU.ActiveCfg = Release|Win32
		{222FA1AD-F25B-41DE-BC50-AC0F0497EB30}.Release|ARM.ActiveCfg = Release|Win32
		{222FA1AD-F25B-41DE-BC50-AC0F0497EB30}.Release|x64.ActiveCfg = Release|x64
		{222FA1AD-F25B-41DE-BC50-AC0F0497EB30}.Release|x64.Build.0 = Release|x64
		{222FA1AD-F25B-41DE-BC50-AC0F0497EB30}.Release|x86.ActiveCfg = Release|Win32
		{222FA1AD-F25B-41DE-BC50-AC0F0497EB30}.Release|x86.Build.0 = Release|Win32
		{5C634177-3B8E-45BF-8239-56E0C9E120B8}.Debug|Any CPU.ActiveCfg = Debug|Win32
		{5C634177-3B8E-45BF-8239-56E0C9E120B8}.Debug|Any CPU.Build.0 = Debug|Win32
		{5C634177-3B8E-45BF-8239-56E0C9E120B8}.Debug|ARM.ActiveCfg = Debug|Win32
		{5C634177-3B8E-45BF-8239-56E0C9E120B8}.Debug|x64.ActiveCfg = Debug|x64
		{5C634177-3B8E-45BF-8239-56E0C9E120B8}.Debug|x64.Build.0 = Debug|x64
		{5C634177-3B8E-45BF-8239-56E0C9E120B8}.Debug|x86.ActiveCfg = Debug|Win32
		{5C634177-3B8E-45BF-8239-56E0C9E120B8}.Debug|x86.Build.0 = Debug|Win32
		{5C634177-3B8E-45BF-8239-56E0C9E120B8}.Release|Any CPU.ActiveCfg = Release|Win32
		{5C634177-3B8E-45BF-8239-56E0C9E120B8}.Release|ARM.ActiveCfg = Release|Win32
		{5C634177-3B8E-45BF-8239-56E0C9E120B8}.Release|x64.ActiveCfg = Release|x64
		{5C634177-3B8E-45BF-8239-56E0C9E120B8}.Release|x64.Build.0 = Release|x64
		{5C634177-3B8E-45BF-8239-56E0C9E120B8}.Release|x86.ActiveCfg = Release|Win32
		{5C634177-3B8E-45BF-8239-56E0C9E120B8}.Release|x86.Build.0 = Release|Win32
	EndGlobalSection
	GlobalSection(SolutionProperties) = preSolution
		HideSolutionNode = FALSE
	EndGlobalSection
	GlobalSection(NestedProjects) = preSolution
		{D2C7A8C9-4FF4-40F8-BFC8-42B5C0930296} = {04142DC8-1498-416E-91FE-688EF9763DC5}
		{596D5831-9324-4310-AF48-B92F614C5019} = {04142DC8-1498-416E-91FE-688EF9763DC5}
		{04142DC8-1498-416E-91FE-688EF9763DC5} = {CD7629CB-DA4E-43F7-B68A-6801113CD634}
		{DDF34F36-E119-46A8-9006-3B3492893AFC} = {CD7629CB-DA4E-43F7-B68A-6801113CD634}
		{CC0EDE51-868A-4949-9410-9204AFC14A10} = {DDF34F36-E119-46A8-9006-3B3492893AFC}
		{222FA1AD-F25B-41DE-BC50-AC0F0497EB30} = {7681741E-8918-40D5-8605-DCABA804AD0F}
		{7681741E-8918-40D5-8605-DCABA804AD0F} = {EDDCF1A4-A0F8-40FE-BFCF-534484DDA9DD}
		{5C634177-3B8E-45BF-8239-56E0C9E120B8} = {7681741E-8918-40D5-8605-DCABA804AD0F}
	EndGlobalSection
	GlobalSection(ExtensibilityGlobals) = postSolution
		SolutionGuid = {AA6CDE89-1AA5-4B6A-B956-7A175A556FAD}
	EndGlobalSection
EndGlobal
